
Microsoft Visual Studio Solution File, Format Version 12.00
# Visual Studio Version 17
VisualStudioVersion = 17.8.34330.188
MinimumVisualStudioVersion = 10.0.40219.1
Project("{9A19103F-16F7-4668-BE54-9A1E7A4F7556}") = "TestTaskFinTeh_Model", "TestTaskFinTeh\TestTaskFinTeh_Model.csproj", "{0B12DE8B-E08F-4805-AACC-429D325CEDB6}"
EndProject
Project("{9A19103F-16F7-4668-BE54-9A1E7A4F7556}") = "TestTackFinTeh_WpfApp", "TestTackFinTeh_WpfApp\TestTackFinTeh_WpfApp.csproj", "{AD11F7B2-04A9-448B-A375-76196F79F4C2}"
EndProject
Project("{9A19103F-16F7-4668-BE54-9A1E7A4F7556}") = "TestTaskFinTeh_Data", "TestTaskFinTeh_Data\TestTaskFinTeh_Data.csproj", "{5C134592-8A4D-4942-A6E5-97C8533676E5}"
EndProject
Global
	GlobalSection(SolutionConfigurationPlatforms) = preSolution
		Debug|Any CPU = Debug|Any CPU
		Release|Any CPU = Release|Any CPU
	EndGlobalSection
	GlobalSection(ProjectConfigurationPlatforms) = postSolution
		{0B12DE8B-E08F-4805-AACC-429D325CEDB6}.Debug|Any CPU.ActiveCfg = Debug|Any CPU
		{0B12DE8B-E08F-4805-AACC-429D325CEDB6}.Debug|Any CPU.Build.0 = Debug|Any CPU
		{0B12DE8B-E08F-4805-AACC-429D325CEDB6}.Release|Any CPU.ActiveCfg = Release|Any CPU
		{0B12DE8B-E08F-4805-AACC-429D325CEDB6}.Release|Any CPU.Build.0 = Release|Any CPU
		{AD11F7B2-04A9-448B-A375-76196F79F4C2}.Debug|Any CPU.ActiveCfg = Debug|Any CPU
		{AD11F7B2-04A9-448B-A375-76196F79F4C2}.Debug|Any CPU.Build.0 = Debug|Any CPU
		{AD11F7B2-04A9-448B-A375-76196F79F4C2}.Release|Any CPU.ActiveCfg = Release|Any CPU
		{AD11F7B2-04A9-448B-A375-76196F79F4C2}.Release|Any CPU.Build.0 = Release|Any CPU
		{5C134592-8A4D-4942-A6E5-97C8533676E5}.Debug|Any CPU.ActiveCfg = Debug|Any CPU
		{5C134592-8A4D-4942-A6E5-97C8533676E5}.Debug|Any CPU.Build.0 = Debug|Any CPU
		{5C134592-8A4D-4942-A6E5-97C8533676E5}.Release|Any CPU.ActiveCfg = Release|Any CPU
		{5C134592-8A4D-4942-A6E5-97C8533676E5}.Release|Any CPU.Build.0 = Release|Any CPU
	EndGlobalSection
	GlobalSection(SolutionProperties) = preSolution
		HideSolutionNode = FALSE
	EndGlobalSection
	GlobalSection(ExtensibilityGlobals) = postSolution
		SolutionGuid = {54D52AB2-0A86-481C-90FC-A26BD46C3296}
	EndGlobalSection
EndGlobal
